{
  "lockfile_version": "1",
  "packages": {
    "glibcLocales@latest": {
      "last_modified": "2023-10-25T20:49:13Z",
      "resolved": "github:NixOS/nixpkgs/75a52265bda7fd25e06e3a67dee3f0354e73243c#glibcLocales",
      "source": "devbox-search",
      "version": "2.38-23",
      "systems": {
        "aarch64-linux": {
          "store_path": "/nix/store/khvni23zb8zs7ibfwfc7r77wjqpcd989-glibc-locales-2.38-23"
        },
        "x86_64-linux": {
          "store_path": "/nix/store/sp2vy14jmwviisq07ysx0935msl2cz90-glibc-locales-2.38-23"
        }
      }
    },
    "python310Packages.pip@latest": {
      "last_modified": "2023-10-25T20:49:13Z",
      "plugin_version": "0.0.1",
      "resolved": "github:NixOS/nixpkgs/75a52265bda7fd25e06e3a67dee3f0354e73243c#python310Packages.pip",
      "source": "devbox-search",
      "version": "23.2.1",
      "systems": {
        "aarch64-darwin": {
          "store_path": "/nix/store/vyh7bsqnpg3v2y8fvw5h8x8dfm0r6bmf-python3.10-pip-23.2.1"
        },
        "aarch64-linux": {
          "store_path": "/nix/store/6v2fjgyfm78pkjh6jha0vs5f0n6y6pr0-python3.10-pip-23.2.1"
        },
        "x86_64-darwin": {
          "store_path": "/nix/store/sxyq3lsx7xpw2v8494daprh66jy70vp1-python3.10-pip-23.2.1"
        },
        "x86_64-linux": {
          "store_path": "/nix/store/96zrmllll78k3zf6zyxyyfzpcihf1svd-python3.10-pip-23.2.1"
        }
      }
    },
    "python@3.10.13": {
      "last_modified": "2023-10-25T20:49:13Z",
      "plugin_version": "0.0.1",
      "resolved": "github:NixOS/nixpkgs/75a52265bda7fd25e06e3a67dee3f0354e73243c#python310",
      "source": "devbox-search",
      "version": "3.10.13",
      "systems": {
        "aarch64-darwin": {
          "store_path": "/nix/store/ak3zf631ws2rwsl5qq0x3v7j18h0c2jj-python3-3.10.13"
        },
        "aarch64-linux": {
          "store_path": "/nix/store/qpwrwhkz7hkp8069v369mclp3yd93p6v-python3-3.10.13"
        },
        "x86_64-darwin": {
          "store_path": "/nix/store/c6bvvf2n4njczix12gimwpi4hx0rnk1l-python3-3.10.13"
        },
        "x86_64-linux": {
          "store_path": "/nix/store/s6fgyqbk8vn1014daznm5kqx90xdn86x-python3-3.10.13"
        }
      }
    }
  }
}
